Edge Computing NLP Automation Success doesn’t just find you. You have to go out and get it. GraphQL Replica Set WebSockets Firewalls Don't be afraid to give up the good to go for the great. Deployment Scalability If you can dream it, you can do it.
Cloud Docker Containerization Load Testing Event-driven Architecture Logging Performance Testing Cloud Functions Don't be afraid to give up the good to go for the great.
