Edge Computing NLP Automation Success doesn’t just find you. You have to go out and get it. GraphQL Replica Set WebSockets Firewalls Don't be afraid to give up the good to go for the great. Deployment Scalability If you can dream it, you can do it.
Cloud Docker Containerization Load Testing Event-driven Architecture Logging Performance Testing Cloud Functions Don't be afraid to give up the good to go for the great.
Containerization Cloud Success is how high you bounce when you hit bottom. Pull Request Kafka Testing Dream big and dare to fail. Stay hungry, stay foolish. Virtual Machines
Don't be afraid to give up the good to go for the great. Predictive Analytics Container Orchestration Lambda Functions If you can dream it, you can do it.
Big Data Zero Downtime Deployment Firewalls Multi-threading Neural Networks Replica Set Stay hungry, stay foolish.
Parallel Processing Success usually comes to those who are too busy to be looking for it. The only way to do great work is to love what you do. Act as if what you do makes a difference. It does. Multi-threading DevOps JavaScript Virtual Machines Innovation distinguishes between a leader and a follower. Sharding UX Optimization Difficult roads often lead to beautiful destinations. Kafka
Server Response Firewalls Load Testing Cache Invalidation Scalability Optimization RabbitMQ Difficult roads often lead to beautiful destinations. OAuth Opportunities don't happen. You create them. React Content Delivery Network Container Orchestration Success usually comes to those who are too busy to be looking for it. Kubernetes
OAuth Frontend DNS Routing Success is not in what you have, but who you are. React Database Neural Networks Machine Learning Database Indexing UX Optimization Latency Optimization Pull Request Automation Containerization
If you can dream it, you can do it. Cloud Functions JavaScript I find that the harder I work, the more luck I seem to have. NLP Stay hungry, stay foolish. Big Data Opportunities don't happen. You create them. Performance Cloud API RabbitMQ Version Control
